uuid: eb6989f0-0b98-48a8-91aa-ca75a3a87f2a
langcode: en
status: true
dependencies:
  module:
    - localgov_eu_cookie_compliance
    - system
  theme:
    - localgov_scarfolk
_core:
  default_config_hash: jbXexLitxSKmYHd94c_MxmymM6bi5L1LTMoUjcdtNgI
id: eucookiesettingsblock
theme: localgov_scarfolk
region: content
weight: 5
provider: null
plugin: cookie_settings_block
settings:
  id: cookie_settings_block
  label: 'EU Cookie settings block'
  label_display: '0'
  provider: localgov_eu_cookie_compliance
visibility:
  request_path:
    id: request_path
    pages: /cookies
    negate: false
    context_mapping: {  }
