uuid: 2e4b3f56-5f68-435b-9d71-215fa5e4c055
langcode: en
status: true
dependencies:
  module:
    - localgov_publications
    - node
  theme:
    - gin
id: gin_localgov_publications_toc_block
theme: gin
region: sidebar_first
weight: 1
provider: null
plugin: localgov_publications_toc_block
settings:
  id: localgov_publications_toc_block
  label: 'On this page'
  label_display: visible
  provider: localgov_publications
  context_mapping:
    node: '@node.node_route_context:node'
visibility:
  'entity_bundle:node':
    id: 'entity_bundle:node'
    negate: false
    context_mapping:
      node: '@node.node_route_context:node'
    bundles:
      localgov_publication_page: localgov_publication_page
